
Microsoft Visual Studio Solution File, Format Version 12.00
# Visual Studio Version 17
VisualStudioVersion = 17.10.35027.167
MinimumVisualStudioVersion = 10.0.40219.1
Project("{F184B08F-C81C-45F6-A57F-5ABD9991F28F}") = "arraysEx", "arraysEx\arraysEx.vbproj", "{DE329DBD-8619-4947-B451-DDE33B833A7F}"
EndProject
Global
	GlobalSection(SolutionConfigurationPlatforms) = preSolution
		Debug|Any CPU = Debug|Any CPU
		Release|Any CPU = Release|Any CPU
	EndGlobalSection
	GlobalSection(ProjectConfigurationPlatforms) = postSolution
		{DE329DBD-8619-4947-B451-DDE33B833A7F}.Debug|Any CPU.ActiveCfg = Debug|Any CPU
		{DE329DBD-8619-4947-B451-DDE33B833A7F}.Debug|Any CPU.Build.0 = Debug|Any CPU
		{DE329DBD-8619-4947-B451-DDE33B833A7F}.Release|Any CPU.ActiveCfg = Release|Any CPU
		{DE329DBD-8619-4947-B451-DDE33B833A7F}.Release|Any CPU.Build.0 = Release|Any CPU
	EndGlobalSection
	GlobalSection(SolutionProperties) = preSolution
		HideSolutionNode = FALSE
	EndGlobalSection
	GlobalSection(ExtensibilityGlobals) = postSolution
		SolutionGuid = {FA0546D5-8C00-4136-90DA-E951BB50F78F}
	EndGlobalSection
EndGlobal
